
Microsoft Visual Studio Solution File, Format Version 12.00
# Visual Studio Version 16
VisualStudioVersion = 16.0.28922.388
MinimumVisualStudioVersion = 10.0.40219.1
Project("{FAE04EC0-301F-11D3-BF4B-00C04F79EFBC}") = "CookingBook", "CookingBook.csproj", "{02E30028-4CA7-41D7-A2CA-C3C8E15863A2}"
EndProject
Global
	GlobalSection(SolutionConfigurationPlatforms) = preSolution
		Debug|Any CPU = Debug|Any CPU
		Release|Any CPU = Release|Any CPU
	EndGlobalSection
	GlobalSection(ProjectConfigurationPlatforms) = postSolution
		{02E30028-4CA7-41D7-A2CA-C3C8E15863A2}.Debug|Any CPU.ActiveCfg = Debug|Any CPU
		{02E30028-4CA7-41D7-A2CA-C3C8E15863A2}.Debug|Any CPU.Build.0 = Debug|Any CPU
		{02E30028-4CA7-41D7-A2CA-C3C8E15863A2}.Release|Any CPU.ActiveCfg = Release|Any CPU
		{02E30028-4CA7-41D7-A2CA-C3C8E15863A2}.Release|Any CPU.Build.0 = Release|Any CPU
	EndGlobalSection
	GlobalSection(SolutionProperties) = preSolution
		HideSolutionNode = FALSE
	EndGlobalSection
	GlobalSection(ExtensibilityGlobals) = postSolution
		SolutionGuid = {7F172312-E857-4FE8-B49D-39A89A2FEBEC}
	EndGlobalSection
EndGlobal
